
Microsoft Visual Studio Solution File, Format Version 11.00
# Visual Studio 2010
# SharpDevelop 4.4
Project("{FAE04EC0-301F-11D3-BF4B-00C04F79EFBC}") = "NUnit.BitSetArray", "Source\Test\NUnit.BitSetArray\NUnit.BitSetArray.csproj", "{D7187DBD-ADD3-4C5B-90BE-D0635C2E102A}"
EndProject
Global
	GlobalSection(SolutionConfigurationPlatforms) = preSolution
		Debug|Any CPU = Debug|Any CPU
		Release|Any CPU = Release|Any CPU
	EndGlobalSection
	GlobalSection(ProjectConfigurationPlatforms) = postSolution
		{D7187DBD-ADD3-4C5B-90BE-D0635C2E102A}.Debug|Any CPU.Build.0 = Debug|Any CPU
		{D7187DBD-ADD3-4C5B-90BE-D0635C2E102A}.Debug|Any CPU.ActiveCfg = Debug|Any CPU
		{D7187DBD-ADD3-4C5B-90BE-D0635C2E102A}.Release|Any CPU.Build.0 = Release|Any CPU
		{D7187DBD-ADD3-4C5B-90BE-D0635C2E102A}.Release|Any CPU.ActiveCfg = Release|Any CPU
	EndGlobalSection
EndGlobal
