
Microsoft Visual Studio Solution File, Format Version 12.00
# Visual Studio 2012
# SharpDevelop 5.1
VisualStudioVersion = 12.0.40629.0
MinimumVisualStudioVersion = 10.0.40219.1
Project("{FAE04EC0-301F-11D3-BF4B-00C04F79EFBC}") = "DBCL", "Source\Code\DBCL.csproj", "{CA42DDC3-D6A2-4A7C-9F5C-E3E8DC0DE55E}"
EndProject
Project("{FAE04EC0-301F-11D3-BF4B-00C04F79EFBC}") = "NUnit.BitSetArray", "Source\Test\NUnit.BitSetArray\NUnit.BitSetArray.csproj", "{D7187DBD-ADD3-4C5B-90BE-D0635C2E102A}"
EndProject
Project("{FAE04EC0-301F-11D3-BF4B-00C04F79EFBC}") = "NUnit.Extensions", "Source\Test\NUnit.Extensions\NUnit.Extensions.csproj", "{FDEDA1F6-CF70-4735-9135-C3B160B7A93E}"
EndProject
Project("{FAE04EC0-301F-11D3-BF4B-00C04F79EFBC}") = "NUnit.Diagnostics", "Source\Test\NUnit.Diagnostics\NUnit.Diagnostics.csproj", "{22D971E9-9879-4783-893E-881F16918E88}"
EndProject
Project("{FAE04EC0-301F-11D3-BF4B-00C04F79EFBC}") = "NUnit.ICodeSet", "Source\Test\NUnit.ICodeSet\NUnit.ICodeSet.csproj", "{C747B273-B3A0-4FAB-B4F9-D2FC99521425}"
EndProject
Project("{2150E333-8FDC-42A3-9474-1A3956D46DE8}") = "Solution Items", "Solution Items", "{EB4B3B44-064C-4AE1-A05F-A50374C70D53}"
	ProjectSection(SolutionItems) = preProject
		appveyor.yml = appveyor.yml
		coveragetest.bat = coveragetest.bat
	EndProjectSection
EndProject
Project("{2150E333-8FDC-42A3-9474-1A3956D46DE8}") = ".nuget", ".nuget", "{0EAAAA13-B949-4444-98AF-EFA12D45682B}"
	ProjectSection(SolutionItems) = preProject
		.nuget\packages.config = .nuget\packages.config
	EndProjectSection
EndProject
Global
	GlobalSection(SolutionConfigurationPlatforms) = preSolution
		Debug|Any CPU = Debug|Any CPU
		Release|Any CPU = Release|Any CPU
	EndGlobalSection
	GlobalSection(ProjectConfigurationPlatforms) = postSolution
		{CA42DDC3-D6A2-4A7C-9F5C-E3E8DC0DE55E}.Debug|Any CPU.ActiveCfg = Debug|Any CPU
		{CA42DDC3-D6A2-4A7C-9F5C-E3E8DC0DE55E}.Debug|Any CPU.Build.0 = Debug|Any CPU
		{CA42DDC3-D6A2-4A7C-9F5C-E3E8DC0DE55E}.Release|Any CPU.ActiveCfg = Release|Any CPU
		{CA42DDC3-D6A2-4A7C-9F5C-E3E8DC0DE55E}.Release|Any CPU.Build.0 = Release|Any CPU
		{D7187DBD-ADD3-4C5B-90BE-D0635C2E102A}.Debug|Any CPU.ActiveCfg = Debug|Any CPU
		{D7187DBD-ADD3-4C5B-90BE-D0635C2E102A}.Debug|Any CPU.Build.0 = Debug|Any CPU
		{D7187DBD-ADD3-4C5B-90BE-D0635C2E102A}.Release|Any CPU.ActiveCfg = Release|Any CPU
		{D7187DBD-ADD3-4C5B-90BE-D0635C2E102A}.Release|Any CPU.Build.0 = Release|Any CPU
		{FDEDA1F6-CF70-4735-9135-C3B160B7A93E}.Debug|Any CPU.ActiveCfg = Debug|Any CPU
		{FDEDA1F6-CF70-4735-9135-C3B160B7A93E}.Debug|Any CPU.Build.0 = Debug|Any CPU
		{FDEDA1F6-CF70-4735-9135-C3B160B7A93E}.Release|Any CPU.ActiveCfg = Release|Any CPU
		{FDEDA1F6-CF70-4735-9135-C3B160B7A93E}.Release|Any CPU.Build.0 = Release|Any CPU
		{22D971E9-9879-4783-893E-881F16918E88}.Debug|Any CPU.ActiveCfg = Debug|Any CPU
		{22D971E9-9879-4783-893E-881F16918E88}.Debug|Any CPU.Build.0 = Debug|Any CPU
		{22D971E9-9879-4783-893E-881F16918E88}.Release|Any CPU.ActiveCfg = Release|Any CPU
		{22D971E9-9879-4783-893E-881F16918E88}.Release|Any CPU.Build.0 = Release|Any CPU
		{C747B273-B3A0-4FAB-B4F9-D2FC99521425}.Debug|Any CPU.ActiveCfg = Debug|Any CPU
		{C747B273-B3A0-4FAB-B4F9-D2FC99521425}.Debug|Any CPU.Build.0 = Debug|Any CPU
		{C747B273-B3A0-4FAB-B4F9-D2FC99521425}.Release|Any CPU.ActiveCfg = Release|Any CPU
		{C747B273-B3A0-4FAB-B4F9-D2FC99521425}.Release|Any CPU.Build.0 = Release|Any CPU
	EndGlobalSection
	GlobalSection(SolutionProperties) = preSolution
		HideSolutionNode = FALSE
	EndGlobalSection
EndGlobal
